{
  "requires": true,
  "lockfileVersion": 1,
  "dependencies": {
    "mathjax": {
      "version": "3.1.0",
      "resolved": "https://registry.npmjs.org/mathjax/-/mathjax-3.1.0.tgz",
      "integrity": "sha512-W71QY6DBDAhKhsIRbqzB38VV6Mk1IVAx23IjNc00oAPa4jyoeDQOwMIBPnG5ATqOAYevrBrwaNbycERGoYBBhA=="
    }
  }
}
